
Microsoft Visual Studio Solution File, Format Version 12.00
# Visual Studio Version 16
VisualStudioVersion = 16.0.30320.27
MinimumVisualStudioVersion = 10.0.40219.1
Project("{9A19103F-16F7-4668-BE54-9A1E7A4F7556}") = "TaskRunner", "TaskRunner\TaskRunner.csproj", "{FD7D37CC-806D-4F4A-9D9B-3F097C2E4014}"
EndProject
Project("{9A19103F-16F7-4668-BE54-9A1E7A4F7556}") = "Taskrunner.Test", "Taskrunner.Test\Taskrunner.Test.csproj", "{2465E1A9-71E2-4C01-91FD-4AFB552F551C}"
EndProject
Global
	GlobalSection(SolutionConfigurationPlatforms) = preSolution
		Debug|Any CPU = Debug|Any CPU
		Release|Any CPU = Release|Any CPU
	EndGlobalSection
	GlobalSection(ProjectConfigurationPlatforms) = postSolution
		{FD7D37CC-806D-4F4A-9D9B-3F097C2E4014}.Debug|Any CPU.ActiveCfg = Debug|Any CPU
		{FD7D37CC-806D-4F4A-9D9B-3F097C2E4014}.Debug|Any CPU.Build.0 = Debug|Any CPU
		{FD7D37CC-806D-4F4A-9D9B-3F097C2E4014}.Release|Any CPU.ActiveCfg = Release|Any CPU
		{FD7D37CC-806D-4F4A-9D9B-3F097C2E4014}.Release|Any CPU.Build.0 = Release|Any CPU
		{2465E1A9-71E2-4C01-91FD-4AFB552F551C}.Debug|Any CPU.ActiveCfg = Debug|Any CPU
		{2465E1A9-71E2-4C01-91FD-4AFB552F551C}.Debug|Any CPU.Build.0 = Debug|Any CPU
		{2465E1A9-71E2-4C01-91FD-4AFB552F551C}.Release|Any CPU.ActiveCfg = Release|Any CPU
		{2465E1A9-71E2-4C01-91FD-4AFB552F551C}.Release|Any CPU.Build.0 = Release|Any CPU
	EndGlobalSection
	GlobalSection(SolutionProperties) = preSolution
		HideSolutionNode = FALSE
	EndGlobalSection
	GlobalSection(ExtensibilityGlobals) = postSolution
		SolutionGuid = {7C45CB3F-8301-4532-9484-0CE9366C2A88}
	EndGlobalSection
EndGlobal
